
Microsoft Visual Studio Solution File, Format Version 12.00
# Visual Studio Version 17
VisualStudioVersion = 17.1.32210.238
MinimumVisualStudioVersion = 10.0.40219.1
Project("{9A19103F-16F7-4668-BE54-9A1E7A4F7556}") = "AddressBook_ADO.NET", "AddressBook_ADO.NET.csproj", "{0B293AE4-133E-4C18-B8E8-F93E29A3FD34}"
EndProject
Project("{FAE04EC0-301F-11D3-BF4B-00C04F79EFBC}") = "UnitTestInsert", "..\UnitTestInsert\UnitTestInsert.csproj", "{4DC4D1C3-27BD-4601-84E1-CE209D93FBFA}"
EndProject
Global
	GlobalSection(SolutionConfigurationPlatforms) = preSolution
		Debug|Any CPU = Debug|Any CPU
		Release|Any CPU = Release|Any CPU
	EndGlobalSection
	GlobalSection(ProjectConfigurationPlatforms) = postSolution
		{0B293AE4-133E-4C18-B8E8-F93E29A3FD34}.Debug|Any CPU.ActiveCfg = Debug|Any CPU
		{0B293AE4-133E-4C18-B8E8-F93E29A3FD34}.Debug|Any CPU.Build.0 = Debug|Any CPU
		{0B293AE4-133E-4C18-B8E8-F93E29A3FD34}.Release|Any CPU.ActiveCfg = Release|Any CPU
		{0B293AE4-133E-4C18-B8E8-F93E29A3FD34}.Release|Any CPU.Build.0 = Release|Any CPU
		{4DC4D1C3-27BD-4601-84E1-CE209D93FBFA}.Debug|Any CPU.ActiveCfg = Debug|Any CPU
		{4DC4D1C3-27BD-4601-84E1-CE209D93FBFA}.Debug|Any CPU.Build.0 = Debug|Any CPU
		{4DC4D1C3-27BD-4601-84E1-CE209D93FBFA}.Release|Any CPU.ActiveCfg = Release|Any CPU
		{4DC4D1C3-27BD-4601-84E1-CE209D93FBFA}.Release|Any CPU.Build.0 = Release|Any CPU
	EndGlobalSection
	GlobalSection(SolutionProperties) = preSolution
		HideSolutionNode = FALSE
	EndGlobalSection
	GlobalSection(ExtensibilityGlobals) = postSolution
		SolutionGuid = {B4112B5A-D757-48CE-87D1-0AB36753EE13}
	EndGlobalSection
EndGlobal
